Microsoft Visual Studio Solution File, Format Version 12.00
# Visual Studio Version 17
VisualStudioVersion = 17.5.2.0
MinimumVisualStudioVersion = 10.0.40219.1
Project("{FAE04EC0-301F-11D3-BF4B-00C04F79EFBC}") = "UnitTest", "UnitTest\UnitTest.csproj", "{E6F190E7-B675-6E01-F209-BD476091BC92}"
EndProject
Project("{FAE04EC0-301F-11D3-BF4B-00C04F79EFBC}") = "NetworkUtility.Tests", "NetworkUtility.Tests\NetworkUtility.Tests.csproj", "{874898A9-8178-40CA-ABB9-8E8075197B86}"
EndProject
Global
	GlobalSection(SolutionConfigurationPlatforms) = preSolution
		Debug|Any CPU = Debug|Any CPU
		Release|Any CPU = Release|Any CPU
	EndGlobalSection
	GlobalSection(ProjectConfigurationPlatforms) = postSolution
		{E6F190E7-B675-6E01-F209-BD476091BC92}.Debug|Any CPU.ActiveCfg = Debug|Any CPU
		{E6F190E7-B675-6E01-F209-BD476091BC92}.Debug|Any CPU.Build.0 = Debug|Any CPU
		{E6F190E7-B675-6E01-F209-BD476091BC92}.Release|Any CPU.ActiveCfg = Release|Any CPU
		{E6F190E7-B675-6E01-F209-BD476091BC92}.Release|Any CPU.Build.0 = Release|Any CPU
		{874898A9-8178-40CA-ABB9-8E8075197B86}.Debug|Any CPU.ActiveCfg = Debug|Any CPU
		{874898A9-8178-40CA-ABB9-8E8075197B86}.Debug|Any CPU.Build.0 = Debug|Any CPU
		{874898A9-8178-40CA-ABB9-8E8075197B86}.Release|Any CPU.ActiveCfg = Release|Any CPU
		{874898A9-8178-40CA-ABB9-8E8075197B86}.Release|Any CPU.Build.0 = Release|Any CPU
	EndGlobalSection
	GlobalSection(SolutionProperties) = preSolution
		HideSolutionNode = FALSE
	EndGlobalSection
	GlobalSection(ExtensibilityGlobals) = postSolution
		SolutionGuid = {49964B04-585B-4D82-A23E-BCFCB6168184}
	EndGlobalSection
EndGlobal
