Microsoft Visual Studio Solution File, Format Version 12.00
# Visual Studio Version 17
VisualStudioVersion = 17.5.2.0
MinimumVisualStudioVersion = 10.0.40219.1
Project("{FAE04EC0-301F-11D3-BF4B-00C04F79EFBC}") = "EncomApi.Tests", "EncomApi.Tests.csproj", "{A97805F2-1841-56D5-9702-C0364F72649E}"
EndProject
Global
	GlobalSection(SolutionConfigurationPlatforms) = preSolution
		Debug|Any CPU = Debug|Any CPU
		Release|Any CPU = Release|Any CPU
	EndGlobalSection
	GlobalSection(ProjectConfigurationPlatforms) = postSolution
		{A97805F2-1841-56D5-9702-C0364F72649E}.Debug|Any CPU.ActiveCfg = Debug|Any CPU
		{A97805F2-1841-56D5-9702-C0364F72649E}.Debug|Any CPU.Build.0 = Debug|Any CPU
		{A97805F2-1841-56D5-9702-C0364F72649E}.Release|Any CPU.ActiveCfg = Release|Any CPU
		{A97805F2-1841-56D5-9702-C0364F72649E}.Release|Any CPU.Build.0 = Release|Any CPU
	EndGlobalSection
	GlobalSection(SolutionProperties) = preSolution
		HideSolutionNode = FALSE
	EndGlobalSection
	GlobalSection(ExtensibilityGlobals) = postSolution
		SolutionGuid = {7C465505-7F48-4745-9B1D-F6AB67E75625}
	EndGlobalSection
EndGlobal
